
Microsoft Visual Studio Solution File, Format Version 12.00
# Visual Studio Version 16
VisualStudioVersion = 16.0.28621.142
MinimumVisualStudioVersion = 10.0.40219.1
Project("{FAE04EC0-301F-11D3-BF4B-00C04F79EFBC}") = "ProductPlacementDemo.Android", "ProductPlacementDemo\ProductPlacementDemo.Android\ProductPlacementDemo.Android.csproj", "{AE832156-9CD4-45B5-A8F6-3CC54422C193}"
EndProject
Project("{FAE04EC0-301F-11D3-BF4B-00C04F79EFBC}") = "ProductPlacementDemo.iOS", "ProductPlacementDemo\ProductPlacementDemo.iOS\ProductPlacementDemo.iOS.csproj", "{8B8CB52B-43CC-4249-B611-783CE7E8FD59}"
EndProject
Project("{FAE04EC0-301F-11D3-BF4B-00C04F79EFBC}") = "ProductPlacementDemo.UWP", "ProductPlacementDemo\ProductPlacementDemo.UWP\ProductPlacementDemo.UWP.csproj", "{20A3E480-3AF9-47C5-8806-33FAB4AF0825}"
EndProject
Project("{9A19103F-16F7-4668-BE54-9A1E7A4F7556}") = "ProductPlacementDemo", "ProductPlacementDemo\ProductPlacementDemo\ProductPlacementDemo.csproj", "{8CD06F76-FAD0-44C4-8643-932EDCA4034C}"
EndProject
Project("{9A19103F-16F7-4668-BE54-9A1E7A4F7556}") = "DTO", "DTO\DTO.csproj", "{E2D98D80-3328-4088-80A8-A891E4A698FD}"
EndProject
Project("{2150E333-8FDC-42A3-9474-1A3956D46DE8}") = "Mobile", "Mobile", "{CDC3E432-54F7-4878-9B75-75D6336C5296}"
EndProject
Global
	GlobalSection(SolutionConfigurationPlatforms) = preSolution
		Ad-Hoc|Any CPU = Ad-Hoc|Any CPU
		Ad-Hoc|ARM = Ad-Hoc|ARM
		Ad-Hoc|iPhone = Ad-Hoc|iPhone
		Ad-Hoc|iPhoneSimulator = Ad-Hoc|iPhoneSimulator
		Ad-Hoc|x64 = Ad-Hoc|x64
		Ad-Hoc|x86 = Ad-Hoc|x86
		AppStore|Any CPU = AppStore|Any CPU
		AppStore|ARM = AppStore|ARM
		AppStore|iPhone = AppStore|iPhone
		AppStore|iPhoneSimulator = AppStore|iPhoneSimulator
		AppStore|x64 = AppStore|x64
		AppStore|x86 = AppStore|x86
		Debug|Any CPU = Debug|Any CPU
		Debug|ARM = Debug|ARM
		Debug|iPhone = Debug|iPhone
		Debug|iPhoneSimulator = Debug|iPhoneSimulator
		Debug|x64 = Debug|x64
		Debug|x86 = Debug|x86
		Release|Any CPU = Release|Any CPU
		Release|ARM = Release|ARM
		Release|iPhone = Release|iPhone
		Release|iPhoneSimulator = Release|iPhoneSimulator
		Release|x64 = Release|x64
		Release|x86 = Release|x86
	EndGlobalSection
	GlobalSection(ProjectConfigurationPlatforms) = postSolution
		{AE832156-9CD4-45B5-A8F6-3CC54422C193}.Ad-Hoc|Any CPU.ActiveCfg = Release|Any CPU
		{AE832156-9CD4-45B5-A8F6-3CC54422C193}.Ad-Hoc|Any CPU.Build.0 = Release|Any CPU
		{AE832156-9CD4-45B5-A8F6-3CC54422C193}.Ad-Hoc|Any CPU.Deploy.0 = Release|Any CPU
		{AE832156-9CD4-45B5-A8F6-3CC54422C193}.Ad-Hoc|ARM.ActiveCfg = Release|Any CPU
		{AE832156-9CD4-45B5-A8F6-3CC54422C193}.Ad-Hoc|ARM.Build.0 = Release|Any CPU
		{AE832156-9CD4-45B5-A8F6-3CC54422C193}.Ad-Hoc|ARM.Deploy.0 = Release|Any CPU
		{AE832156-9CD4-45B5-A8F6-3CC54422C193}.Ad-Hoc|iPhone.ActiveCfg = Release|Any CPU
		{AE832156-9CD4-45B5-A8F6-3CC54422C193}.Ad-Hoc|iPhone.Build.0 = Release|Any CPU
		{AE832156-9CD4-45B5-A8F6-3CC54422C193}.Ad-Hoc|iPhone.Deploy.0 = Release|Any CPU
		{AE832156-9CD4-45B5-A8F6-3CC54422C193}.Ad-Hoc|iPhoneSimulator.ActiveCfg = Release|Any CPU
		{AE832156-9CD4-45B5-A8F6-3CC54422C193}.Ad-Hoc|iPhoneSimulator.Build.0 = Release|Any CPU
		{AE832156-9CD4-45B5-A8F6-3CC54422C193}.Ad-Hoc|iPhoneSimulator.Deploy.0 = Release|Any CPU
		{AE832156-9CD4-45B5-A8F6-3CC54422C193}.Ad-Hoc|x64.ActiveCfg = Release|Any CPU
		{AE832156-9CD4-45B5-A8F6-3CC54422C193}.Ad-Hoc|x64.Build.0 = Release|Any CPU
		{AE832156-9CD4-45B5-A8F6-3CC54422C193}.Ad-Hoc|x64.Deploy.0 = Release|Any CPU
		{AE832156-9CD4-45B5-A8F6-3CC54422C193}.Ad-Hoc|x86.ActiveCfg = Release|Any CPU
		{AE832156-9CD4-45B5-A8F6-3CC54422C193}.Ad-Hoc|x86.Build.0 = Release|Any CPU
		{AE832156-9CD4-45B5-A8F6-3CC54422C193}.Ad-Hoc|x86.Deploy.0 = Release|Any CPU
		{AE832156-9CD4-45B5-A8F6-3CC54422C193}.AppStore|Any CPU.ActiveCfg = Release|Any CPU
		{AE832156-9CD4-45B5-A8F6-3CC54422C193}.AppStore|Any CPU.Build.0 = Release|Any CPU
		{AE832156-9CD4-45B5-A8F6-3CC54422C193}.AppStore|Any CPU.Deploy.0 = Release|Any CPU
		{AE832156-9CD4-45B5-A8F6-3CC54422C193}.AppStore|ARM.ActiveCfg = Release|Any CPU
		{AE832156-9CD4-45B5-A8F6-3CC54422C193}.AppStore|ARM.Build.0 = Release|Any CPU
		{AE832156-9CD4-45B5-A8F6-3CC54422C193}.AppStore|ARM.Deploy.0 = Release|Any CPU
		{AE832156-9CD4-45B5-A8F6-3CC54422C193}.AppStore|iPhone.ActiveCfg = Release|Any CPU
		{AE832156-9CD4-45B5-A8F6-3CC54422C193}.AppStore|iPhone.Build.0 = Release|Any CPU
		{AE832156-9CD4-45B5-A8F6-3CC54422C193}.AppStore|iPhone.Deploy.0 = Release|Any CPU
		{AE832156-9CD4-45B5-A8F6-3CC54422C193}.AppStore|iPhoneSimulator.ActiveCfg = Release|Any CPU
		{AE832156-9CD4-45B5-A8F6-3CC54422C193}.AppStore|iPhoneSimulator.Build.0 = Release|Any CPU
		{AE832156-9CD4-45B5-A8F6-3CC54422C193}.AppStore|iPhoneSimulator.Deploy.0 = Release|Any CPU
		{AE832156-9CD4-45B5-A8F6-3CC54422C193}.AppStore|x64.ActiveCfg = Release|Any CPU
		{AE832156-9CD4-45B5-A8F6-3CC54422C193}.AppStore|x64.Build.0 = Release|Any CPU
		{AE832156-9CD4-45B5-A8F6-3CC54422C193}.AppStore|x64.Deploy.0 = Release|Any CPU
		{AE832156-9CD4-45B5-A8F6-3CC54422C193}.AppStore|x86.ActiveCfg = Release|Any CPU
		{AE832156-9CD4-45B5-A8F6-3CC54422C193}.AppStore|x86.Build.0 = Release|Any CPU
		{AE832156-9CD4-45B5-A8F6-3CC54422C193}.AppStore|x86.Deploy.0 = Release|Any CPU
		{AE832156-9CD4-45B5-A8F6-3CC54422C193}.Debug|Any CPU.ActiveCfg = Debug|Any CPU
		{AE832156-9CD4-45B5-A8F6-3CC54422C193}.Debug|Any CPU.Build.0 = Debug|Any CPU
		{AE832156-9CD4-45B5-A8F6-3CC54422C193}.Debug|Any CPU.Deploy.0 = Debug|Any CPU
		{AE832156-9CD4-45B5-A8F6-3CC54422C193}.Debug|ARM.ActiveCfg = Debug|Any CPU
		{AE832156-9CD4-45B5-A8F6-3CC54422C193}.Debug|ARM.Build.0 = Debug|Any CPU
		{AE832156-9CD4-45B5-A8F6-3CC54422C193}.Debug|ARM.Deploy.0 = Debug|Any CPU
		{AE832156-9CD4-45B5-A8F6-3CC54422C193}.Debug|iPhone.ActiveCfg = Debug|Any CPU
		{AE832156-9CD4-45B5-A8F6-3CC54422C193}.Debug|iPhone.Build.0 = Debug|Any CPU
		{AE832156-9CD4-45B5-A8F6-3CC54422C193}.Debug|iPhone.Deploy.0 = Debug|Any CPU
		{AE832156-9CD4-45B5-A8F6-3CC54422C193}.Debug|iPhoneSimulator.ActiveCfg = Debug|Any CPU
		{AE832156-9CD4-45B5-A8F6-3CC54422C193}.Debug|iPhoneSimulator.Build.0 = Debug|Any CPU
		{AE832156-9CD4-45B5-A8F6-3CC54422C193}.Debug|iPhoneSimulator.Deploy.0 = Debug|Any CPU
		{AE832156-9CD4-45B5-A8F6-3CC54422C193}.Debug|x64.ActiveCfg = Debug|Any CPU
		{AE832156-9CD4-45B5-A8F6-3CC54422C193}.Debug|x64.Build.0 = Debug|Any CPU
		{AE832156-9CD4-45B5-A8F6-3CC54422C193}.Debug|x64.Deploy.0 = Debug|Any CPU
		{AE832156-9CD4-45B5-A8F6-3CC54422C193}.Debug|x86.ActiveCfg = Debug|Any CPU
		{AE832156-9CD4-45B5-A8F6-3CC54422C193}.Debug|x86.Build.0 = Debug|Any CPU
		{AE832156-9CD4-45B5-A8F6-3CC54422C193}.Debug|x86.Deploy.0 = Debug|Any CPU
		{AE832156-9CD4-45B5-A8F6-3CC54422C193}.Release|Any CPU.ActiveCfg = Release|Any CPU
		{AE832156-9CD4-45B5-A8F6-3CC54422C193}.Release|Any CPU.Build.0 = Release|Any CPU
		{AE832156-9CD4-45B5-A8F6-3CC54422C193}.Release|Any CPU.Deploy.0 = Release|Any CPU
		{AE832156-9CD4-45B5-A8F6-3CC54422C193}.Release|ARM.ActiveCfg = Release|Any CPU
		{AE832156-9CD4-45B5-A8F6-3CC54422C193}.Release|ARM.Build.0 = Release|Any CPU
		{AE832156-9CD4-45B5-A8F6-3CC54422C193}.Release|ARM.Deploy.0 = Release|Any CPU
		{AE832156-9CD4-45B5-A8F6-3CC54422C193}.Release|iPhone.ActiveCfg = Release|Any CPU
		{AE832156-9CD4-45B5-A8F6-3CC54422C193}.Release|iPhone.Build.0 = Release|Any CPU
		{AE832156-9CD4-45B5-A8F6-3CC54422C193}.Release|iPhone.Deploy.0 = Release|Any CPU
		{AE832156-9CD4-45B5-A8F6-3CC54422C193}.Release|iPhoneSimulator.ActiveCfg = Release|Any CPU
		{AE832156-9CD4-45B5-A8F6-3CC54422C193}.Release|iPhoneSimulator.Build.0 = Release|Any CPU
		{AE832156-9CD4-45B5-A8F6-3CC54422C193}.Release|iPhoneSimulator.Deploy.0 = Release|Any CPU
		{AE832156-9CD4-45B5-A8F6-3CC54422C193}.Release|x64.ActiveCfg = Release|Any CPU
		{AE832156-9CD4-45B5-A8F6-3CC54422C193}.Release|x64.Build.0 = Release|Any CPU
		{AE832156-9CD4-45B5-A8F6-3CC54422C193}.Release|x64.Deploy.0 = Release|Any CPU
		{AE832156-9CD4-45B5-A8F6-3CC54422C193}.Release|x86.ActiveCfg = Release|Any CPU
		{AE832156-9CD4-45B5-A8F6-3CC54422C193}.Release|x86.Build.0 = Release|Any CPU
		{AE832156-9CD4-45B5-A8F6-3CC54422C193}.Release|x86.Deploy.0 = Release|Any CPU
		{8B8CB52B-43CC-4249-B611-783CE7E8FD59}.Ad-Hoc|Any CPU.ActiveCfg = Ad-Hoc|iPhone
		{8B8CB52B-43CC-4249-B611-783CE7E8FD59}.Ad-Hoc|Any CPU.Build.0 = Ad-Hoc|iPhone
		{8B8CB52B-43CC-4249-B611-783CE7E8FD59}.Ad-Hoc|Any CPU.Deploy.0 = Ad-Hoc|iPhone
		{8B8CB52B-43CC-4249-B611-783CE7E8FD59}.Ad-Hoc|ARM.ActiveCfg = Ad-Hoc|iPhone
		{8B8CB52B-43CC-4249-B611-783CE7E8FD59}.Ad-Hoc|ARM.Build.0 = Ad-Hoc|iPhone
		{8B8CB52B-43CC-4249-B611-783CE7E8FD59}.Ad-Hoc|ARM.Deploy.0 = Ad-Hoc|iPhone
		{8B8CB52B-43CC-4249-B611-783CE7E8FD59}.Ad-Hoc|iPhone.ActiveCfg = Ad-Hoc|iPhone
		{8B8CB52B-43CC-4249-B611-783CE7E8FD59}.Ad-Hoc|iPhone.Build.0 = Ad-Hoc|iPhone
		{8B8CB52B-43CC-4249-B611-783CE7E8FD59}.Ad-Hoc|iPhone.Deploy.0 = Ad-Hoc|iPhone
		{8B8CB52B-43CC-4249-B611-783CE7E8FD59}.Ad-Hoc|iPhoneSimulator.ActiveCfg = Ad-Hoc|iPhoneSimulator
		{8B8CB52B-43CC-4249-B611-783CE7E8FD59}.Ad-Hoc|iPhoneSimulator.Build.0 = Ad-Hoc|iPhoneSimulator
		{8B8CB52B-43CC-4249-B611-783CE7E8FD59}.Ad-Hoc|iPhoneSimulator.Deploy.0 = Ad-Hoc|iPhoneSimulator
		{8B8CB52B-43CC-4249-B611-783CE7E8FD59}.Ad-Hoc|x64.ActiveCfg = Ad-Hoc|iPhone
		{8B8CB52B-43CC-4249-B611-783CE7E8FD59}.Ad-Hoc|x64.Build.0 = Ad-Hoc|iPhone
		{8B8CB52B-43CC-4249-B611-783CE7E8FD59}.Ad-Hoc|x64.Deploy.0 = Ad-Hoc|iPhone
		{8B8CB52B-43CC-4249-B611-783CE7E8FD59}.Ad-Hoc|x86.ActiveCfg = Ad-Hoc|iPhone
		{8B8CB52B-43CC-4249-B611-783CE7E8FD59}.Ad-Hoc|x86.Build.0 = Ad-Hoc|iPhone
		{8B8CB52B-43CC-4249-B611-783CE7E8FD59}.Ad-Hoc|x86.Deploy.0 = Ad-Hoc|iPhone
		{8B8CB52B-43CC-4249-B611-783CE7E8FD59}.AppStore|Any CPU.ActiveCfg = AppStore|iPhone
		{8B8CB52B-43CC-4249-B611-783CE7E8FD59}.AppStore|Any CPU.Build.0 = AppStore|iPhone
		{8B8CB52B-43CC-4249-B611-783CE7E8FD59}.AppStore|Any CPU.Deploy.0 = AppStore|iPhone
		{8B8CB52B-43CC-4249-B611-783CE7E8FD59}.AppStore|ARM.ActiveCfg = AppStore|iPhone
		{8B8CB52B-43CC-4249-B611-783CE7E8FD59}.AppStore|ARM.Build.0 = AppStore|iPhone
		{8B8CB52B-43CC-4249-B611-783CE7E8FD59}.AppStore|ARM.Deploy.0 = AppStore|iPhone
		{8B8CB52B-43CC-4249-B611-783CE7E8FD59}.AppStore|iPhone.ActiveCfg = AppStore|iPhone
		{8B8CB52B-43CC-4249-B611-783CE7E8FD59}.AppStore|iPhone.Build.0 = AppStore|iPhone
		{8B8CB52B-43CC-4249-B611-783CE7E8FD59}.AppStore|iPhone.Deploy.0 = AppStore|iPhone
		{8B8CB52B-43CC-4249-B611-783CE7E8FD59}.AppStore|iPhoneSimulator.ActiveCfg = AppStore|iPhoneSimulator
		{8B8CB52B-43CC-4249-B611-783CE7E8FD59}.AppStore|iPhoneSimulator.Build.0 = AppStore|iPhoneSimulator
		{8B8CB52B-43CC-4249-B611-783CE7E8FD59}.AppStore|iPhoneSimulator.Deploy.0 = AppStore|iPhoneSimulator
		{8B8CB52B-43CC-4249-B611-783CE7E8FD59}.AppStore|x64.ActiveCfg = AppStore|iPhone
		{8B8CB52B-43CC-4249-B611-783CE7E8FD59}.AppStore|x64.Build.0 = AppStore|iPhone
		{8B8CB52B-43CC-4249-B611-783CE7E8FD59}.AppStore|x64.Deploy.0 = AppStore|iPhone
		{8B8CB52B-43CC-4249-B611-783CE7E8FD59}.AppStore|x86.ActiveCfg = AppStore|iPhone
		{8B8CB52B-43CC-4249-B611-783CE7E8FD59}.AppStore|x86.Build.0 = AppStore|iPhone
		{8B8CB52B-43CC-4249-B611-783CE7E8FD59}.AppStore|x86.Deploy.0 = AppStore|iPhone
		{8B8CB52B-43CC-4249-B611-783CE7E8FD59}.Debug|Any CPU.ActiveCfg = Debug|iPhoneSimulator
		{8B8CB52B-43CC-4249-B611-783CE7E8FD59}.Debug|Any CPU.Build.0 = Debug|iPhoneSimulator
		{8B8CB52B-43CC-4249-B611-783CE7E8FD59}.Debug|Any CPU.Deploy.0 = Debug|iPhoneSimulator
		{8B8CB52B-43CC-4249-B611-783CE7E8FD59}.Debug|ARM.ActiveCfg = Debug|iPhone
		{8B8CB52B-43CC-4249-B611-783CE7E8FD59}.Debug|ARM.Build.0 = Debug|iPhone
		{8B8CB52B-43CC-4249-B611-783CE7E8FD59}.Debug|ARM.Deploy.0 = Debug|iPhone
		{8B8CB52B-43CC-4249-B611-783CE7E8FD59}.Debug|iPhone.ActiveCfg = Debug|iPhone
		{8B8CB52B-43CC-4249-B611-783CE7E8FD59}.Debug|iPhone.Build.0 = Debug|iPhone
		{8B8CB52B-43CC-4249-B611-783CE7E8FD59}.Debug|iPhone.Deploy.0 = Debug|iPhone
		{8B8CB52B-43CC-4249-B611-783CE7E8FD59}.Debug|iPhoneSimulator.ActiveCfg = Debug|iPhoneSimulator
		{8B8CB52B-43CC-4249-B611-783CE7E8FD59}.Debug|iPhoneSimulator.Build.0 = Debug|iPhoneSimulator
		{8B8CB52B-43CC-4249-B611-783CE7E8FD59}.Debug|iPhoneSimulator.Deploy.0 = Debug|iPhoneSimulator
		{8B8CB52B-43CC-4249-B611-783CE7E8FD59}.Debug|x64.ActiveCfg = Debug|iPhone
		{8B8CB52B-43CC-4249-B611-783CE7E8FD59}.Debug|x64.Build.0 = Debug|iPhone
		{8B8CB52B-43CC-4249-B611-783CE7E8FD59}.Debug|x64.Deploy.0 = Debug|iPhone
		{8B8CB52B-43CC-4249-B611-783CE7E8FD59}.Debug|x86.ActiveCfg = Debug|iPhone
		{8B8CB52B-43CC-4249-B611-783CE7E8FD59}.Debug|x86.Build.0 = Debug|iPhone
		{8B8CB52B-43CC-4249-B611-783CE7E8FD59}.Debug|x86.Deploy.0 = Debug|iPhone
		{8B8CB52B-43CC-4249-B611-783CE7E8FD59}.Release|Any CPU.ActiveCfg = Release|iPhone
		{8B8CB52B-43CC-4249-B611-783CE7E8FD59}.Release|Any CPU.Build.0 = Release|iPhone
		{8B8CB52B-43CC-4249-B611-783CE7E8FD59}.Release|Any CPU.Deploy.0 = Release|iPhone
		{8B8CB52B-43CC-4249-B611-783CE7E8FD59}.Release|ARM.ActiveCfg = Release|iPhone
		{8B8CB52B-43CC-4249-B611-783CE7E8FD59}.Release|ARM.Build.0 = Release|iPhone
		{8B8CB52B-43CC-4249-B611-783CE7E8FD59}.Release|ARM.Deploy.0 = Release|iPhone
		{8B8CB52B-43CC-4249-B611-783CE7E8FD59}.Release|iPhone.ActiveCfg = Release|iPhone
		{8B8CB52B-43CC-4249-B611-783CE7E8FD59}.Release|iPhone.Build.0 = Release|iPhone
		{8B8CB52B-43CC-4249-B611-783CE7E8FD59}.Release|iPhone.Deploy.0 = Release|iPhone
		{8B8CB52B-43CC-4249-B611-783CE7E8FD59}.Release|iPhoneSimulator.ActiveCfg = Release|iPhoneSimulator
		{8B8CB52B-43CC-4249-B611-783CE7E8FD59}.Release|iPhoneSimulator.Build.0 = Release|iPhoneSimulator
		{8B8CB52B-43CC-4249-B611-783CE7E8FD59}.Release|iPhoneSimulator.Deploy.0 = Release|iPhoneSimulator
		{8B8CB52B-43CC-4249-B611-783CE7E8FD59}.Release|x64.ActiveCfg = Release|iPhone
		{8B8CB52B-43CC-4249-B611-783CE7E8FD59}.Release|x64.Build.0 = Release|iPhone
		{8B8CB52B-43CC-4249-B611-783CE7E8FD59}.Release|x64.Deploy.0 = Release|iPhone
		{8B8CB52B-43CC-4249-B611-783CE7E8FD59}.Release|x86.ActiveCfg = Release|iPhone
		{8B8CB52B-43CC-4249-B611-783CE7E8FD59}.Release|x86.Build.0 = Release|iPhone
		{8B8CB52B-43CC-4249-B611-783CE7E8FD59}.Release|x86.Deploy.0 = Release|iPhone
		{20A3E480-3AF9-47C5-8806-33FAB4AF0825}.Ad-Hoc|Any CPU.ActiveCfg = Release|x86
		{20A3E480-3AF9-47C5-8806-33FAB4AF0825}.Ad-Hoc|Any CPU.Build.0 = Release|x86
		{20A3E480-3AF9-47C5-8806-33FAB4AF0825}.Ad-Hoc|Any CPU.Deploy.0 = Release|x86
		{20A3E480-3AF9-47C5-8806-33FAB4AF0825}.Ad-Hoc|ARM.ActiveCfg = Release|ARM
		{20A3E480-3AF9-47C5-8806-33FAB4AF0825}.Ad-Hoc|ARM.Build.0 = Release|ARM
		{20A3E480-3AF9-47C5-8806-33FAB4AF0825}.Ad-Hoc|ARM.Deploy.0 = Release|ARM
		{20A3E480-3AF9-47C5-8806-33FAB4AF0825}.Ad-Hoc|iPhone.ActiveCfg = Release|x86
		{20A3E480-3AF9-47C5-8806-33FAB4AF0825}.Ad-Hoc|iPhone.Build.0 = Release|x86
		{20A3E480-3AF9-47C5-8806-33FAB4AF0825}.Ad-Hoc|iPhone.Deploy.0 = Release|x86
		{20A3E480-3AF9-47C5-8806-33FAB4AF0825}.Ad-Hoc|iPhoneSimulator.ActiveCfg = Release|x86
		{20A3E480-3AF9-47C5-8806-33FAB4AF0825}.Ad-Hoc|iPhoneSimulator.Build.0 = Release|x86
		{20A3E480-3AF9-47C5-8806-33FAB4AF0825}.Ad-Hoc|iPhoneSimulator.Deploy.0 = Release|x86
		{20A3E480-3AF9-47C5-8806-33FAB4AF0825}.Ad-Hoc|x64.ActiveCfg = Release|x64
		{20A3E480-3AF9-47C5-8806-33FAB4AF0825}.Ad-Hoc|x64.Build.0 = Release|x64
		{20A3E480-3AF9-47C5-8806-33FAB4AF0825}.Ad-Hoc|x64.Deploy.0 = Release|x64
		{20A3E480-3AF9-47C5-8806-33FAB4AF0825}.Ad-Hoc|x86.ActiveCfg = Release|x86
		{20A3E480-3AF9-47C5-8806-33FAB4AF0825}.Ad-Hoc|x86.Build.0 = Release|x86
		{20A3E480-3AF9-47C5-8806-33FAB4AF0825}.Ad-Hoc|x86.Deploy.0 = Release|x86
		{20A3E480-3AF9-47C5-8806-33FAB4AF0825}.AppStore|Any CPU.ActiveCfg = Release|x86
		{20A3E480-3AF9-47C5-8806-33FAB4AF0825}.AppStore|Any CPU.Build.0 = Release|x86
		{20A3E480-3AF9-47C5-8806-33FAB4AF0825}.AppStore|Any CPU.Deploy.0 = Release|x86
		{20A3E480-3AF9-47C5-8806-33FAB4AF0825}.AppStore|ARM.ActiveCfg = Release|ARM
		{20A3E480-3AF9-47C5-8806-33FAB4AF0825}.AppStore|ARM.Build.0 = Release|ARM
		{20A3E480-3AF9-47C5-8806-33FAB4AF0825}.AppStore|ARM.Deploy.0 = Release|ARM
		{20A3E480-3AF9-47C5-8806-33FAB4AF0825}.AppStore|iPhone.ActiveCfg = Release|x86
		{20A3E480-3AF9-47C5-8806-33FAB4AF0825}.AppStore|iPhone.Build.0 = Release|x86
		{20A3E480-3AF9-47C5-8806-33FAB4AF0825}.AppStore|iPhone.Deploy.0 = Release|x86
		{20A3E480-3AF9-47C5-8806-33FAB4AF0825}.AppStore|iPhoneSimulator.ActiveCfg = Release|x86
		{20A3E480-3AF9-47C5-8806-33FAB4AF0825}.AppStore|iPhoneSimulator.Build.0 = Release|x86
		{20A3E480-3AF9-47C5-8806-33FAB4AF0825}.AppStore|iPhoneSimulator.Deploy.0 = Release|x86
		{20A3E480-3AF9-47C5-8806-33FAB4AF0825}.AppStore|x64.ActiveCfg = Release|x64
		{20A3E480-3AF9-47C5-8806-33FAB4AF0825}.AppStore|x64.Build.0 = Release|x64
		{20A3E480-3AF9-47C5-8806-33FAB4AF0825}.AppStore|x64.Deploy.0 = Release|x64
		{20A3E480-3AF9-47C5-8806-33FAB4AF0825}.AppStore|x86.ActiveCfg = Release|x86
		{20A3E480-3AF9-47C5-8806-33FAB4AF0825}.AppStore|x86.Build.0 = Release|x86
		{20A3E480-3AF9-47C5-8806-33FAB4AF0825}.AppStore|x86.Deploy.0 = Release|x86
		{20A3E480-3AF9-47C5-8806-33FAB4AF0825}.Debug|Any CPU.ActiveCfg = Debug|x86
		{20A3E480-3AF9-47C5-8806-33FAB4AF0825}.Debug|Any CPU.Build.0 = Debug|x86
		{20A3E480-3AF9-47C5-8806-33FAB4AF0825}.Debug|Any CPU.Deploy.0 = Debug|x86
		{20A3E480-3AF9-47C5-8806-33FAB4AF0825}.Debug|ARM.ActiveCfg = Debug|ARM
		{20A3E480-3AF9-47C5-8806-33FAB4AF0825}.Debug|ARM.Build.0 = Debug|ARM
		{20A3E480-3AF9-47C5-8806-33FAB4AF0825}.Debug|ARM.Deploy.0 = Debug|ARM
		{20A3E480-3AF9-47C5-8806-33FAB4AF0825}.Debug|iPhone.ActiveCfg = Debug|x86
		{20A3E480-3AF9-47C5-8806-33FAB4AF0825}.Debug|iPhone.Build.0 = Debug|x86
		{20A3E480-3AF9-47C5-8806-33FAB4AF0825}.Debug|iPhone.Deploy.0 = Debug|x86
		{20A3E480-3AF9-47C5-8806-33FAB4AF0825}.Debug|iPhoneSimulator.ActiveCfg = Debug|x86
		{20A3E480-3AF9-47C5-8806-33FAB4AF0825}.Debug|iPhoneSimulator.Build.0 = Debug|x86
		{20A3E480-3AF9-47C5-8806-33FAB4AF0825}.Debug|iPhoneSimulator.Deploy.0 = Debug|x86
		{20A3E480-3AF9-47C5-8806-33FAB4AF0825}.Debug|x64.ActiveCfg = Debug|x64
		{20A3E480-3AF9-47C5-8806-33FAB4AF0825}.Debug|x64.Build.0 = Debug|x64
		{20A3E480-3AF9-47C5-8806-33FAB4AF0825}.Debug|x64.Deploy.0 = Debug|x64
		{20A3E480-3AF9-47C5-8806-33FAB4AF0825}.Debug|x86.ActiveCfg = Debug|x86
		{20A3E480-3AF9-47C5-8806-33FAB4AF0825}.Debug|x86.Build.0 = Debug|x86
		{20A3E480-3AF9-47C5-8806-33FAB4AF0825}.Debug|x86.Deploy.0 = Debug|x86
		{20A3E480-3AF9-47C5-8806-33FAB4AF0825}.Release|Any CPU.ActiveCfg = Release|x86
		{20A3E480-3AF9-47C5-8806-33FAB4AF0825}.Release|Any CPU.Build.0 = Release|x86
		{20A3E480-3AF9-47C5-8806-33FAB4AF0825}.Release|Any CPU.Deploy.0 = Release|x86
		{20A3E480-3AF9-47C5-8806-33FAB4AF0825}.Release|ARM.ActiveCfg = Release|ARM
		{20A3E480-3AF9-47C5-8806-33FAB4AF0825}.Release|ARM.Build.0 = Release|ARM
		{20A3E480-3AF9-47C5-8806-33FAB4AF0825}.Release|ARM.Deploy.0 = Release|ARM
		{20A3E480-3AF9-47C5-8806-33FAB4AF0825}.Release|iPhone.ActiveCfg = Release|x86
		{20A3E480-3AF9-47C5-8806-33FAB4AF0825}.Release|iPhone.Build.0 = Release|x86
		{20A3E480-3AF9-47C5-8806-33FAB4AF0825}.Release|iPhone.Deploy.0 = Release|x86
		{20A3E480-3AF9-47C5-8806-33FAB4AF0825}.Release|iPhoneSimulator.ActiveCfg = Release|x86
		{20A3E480-3AF9-47C5-8806-33FAB4AF0825}.Release|iPhoneSimulator.Build.0 = Release|x86
		{20A3E480-3AF9-47C5-8806-33FAB4AF0825}.Release|iPhoneSimulator.Deploy.0 = Release|x86
		{20A3E480-3AF9-47C5-8806-33FAB4AF0825}.Release|x64.ActiveCfg = Release|x64
		{20A3E480-3AF9-47C5-8806-33FAB4AF0825}.Release|x64.Build.0 = Release|x64
		{20A3E480-3AF9-47C5-8806-33FAB4AF0825}.Release|x64.Deploy.0 = Release|x64
		{20A3E480-3AF9-47C5-8806-33FAB4AF0825}.Release|x86.ActiveCfg = Release|x86
		{20A3E480-3AF9-47C5-8806-33FAB4AF0825}.Release|x86.Build.0 = Release|x86
		{20A3E480-3AF9-47C5-8806-33FAB4AF0825}.Release|x86.Deploy.0 = Release|x86
		{8CD06F76-FAD0-44C4-8643-932EDCA4034C}.Ad-Hoc|Any CPU.ActiveCfg = Debug|Any CPU
		{8CD06F76-FAD0-44C4-8643-932EDCA4034C}.Ad-Hoc|Any CPU.Build.0 = Debug|Any CPU
		{8CD06F76-FAD0-44C4-8643-932EDCA4034C}.Ad-Hoc|Any CPU.Deploy.0 = Debug|Any CPU
		{8CD06F76-FAD0-44C4-8643-932EDCA4034C}.Ad-Hoc|ARM.ActiveCfg = Debug|Any CPU
		{8CD06F76-FAD0-44C4-8643-932EDCA4034C}.Ad-Hoc|ARM.Build.0 = Debug|Any CPU
		{8CD06F76-FAD0-44C4-8643-932EDCA4034C}.Ad-Hoc|ARM.Deploy.0 = Debug|Any CPU
		{8CD06F76-FAD0-44C4-8643-932EDCA4034C}.Ad-Hoc|iPhone.ActiveCfg = Debug|Any CPU
		{8CD06F76-FAD0-44C4-8643-932EDCA4034C}.Ad-Hoc|iPhone.Build.0 = Debug|Any CPU
		{8CD06F76-FAD0-44C4-8643-932EDCA4034C}.Ad-Hoc|iPhone.Deploy.0 = Debug|Any CPU
		{8CD06F76-FAD0-44C4-8643-932EDCA4034C}.Ad-Hoc|iPhoneSimulator.ActiveCfg = Debug|Any CPU
		{8CD06F76-FAD0-44C4-8643-932EDCA4034C}.Ad-Hoc|iPhoneSimulator.Build.0 = Debug|Any CPU
		{8CD06F76-FAD0-44C4-8643-932EDCA4034C}.Ad-Hoc|iPhoneSimulator.Deploy.0 = Debug|Any CPU
		{8CD06F76-FAD0-44C4-8643-932EDCA4034C}.Ad-Hoc|x64.ActiveCfg = Debug|Any CPU
		{8CD06F76-FAD0-44C4-8643-932EDCA4034C}.Ad-Hoc|x64.Build.0 = Debug|Any CPU
		{8CD06F76-FAD0-44C4-8643-932EDCA4034C}.Ad-Hoc|x64.Deploy.0 = Debug|Any CPU
		{8CD06F76-FAD0-44C4-8643-932EDCA4034C}.Ad-Hoc|x86.ActiveCfg = Debug|Any CPU
		{8CD06F76-FAD0-44C4-8643-932EDCA4034C}.Ad-Hoc|x86.Build.0 = Debug|Any CPU
		{8CD06F76-FAD0-44C4-8643-932EDCA4034C}.Ad-Hoc|x86.Deploy.0 = Debug|Any CPU
		{8CD06F76-FAD0-44C4-8643-932EDCA4034C}.AppStore|Any CPU.ActiveCfg = Debug|Any CPU
		{8CD06F76-FAD0-44C4-8643-932EDCA4034C}.AppStore|Any CPU.Build.0 = Debug|Any CPU
		{8CD06F76-FAD0-44C4-8643-932EDCA4034C}.AppStore|Any CPU.Deploy.0 = Debug|Any CPU
		{8CD06F76-FAD0-44C4-8643-932EDCA4034C}.AppStore|ARM.ActiveCfg = Debug|Any CPU
		{8CD06F76-FAD0-44C4-8643-932EDCA4034C}.AppStore|ARM.Build.0 = Debug|Any CPU
		{8CD06F76-FAD0-44C4-8643-932EDCA4034C}.AppStore|ARM.Deploy.0 = Debug|Any CPU
		{8CD06F76-FAD0-44C4-8643-932EDCA4034C}.AppStore|iPhone.ActiveCfg = Debug|Any CPU
		{8CD06F76-FAD0-44C4-8643-932EDCA4034C}.AppStore|iPhone.Build.0 = Debug|Any CPU
		{8CD06F76-FAD0-44C4-8643-932EDCA4034C}.AppStore|iPhone.Deploy.0 = Debug|Any CPU
		{8CD06F76-FAD0-44C4-8643-932EDCA4034C}.AppStore|iPhoneSimulator.ActiveCfg = Debug|Any CPU
		{8CD06F76-FAD0-44C4-8643-932EDCA4034C}.AppStore|iPhoneSimulator.Build.0 = Debug|Any CPU
		{8CD06F76-FAD0-44C4-8643-932EDCA4034C}.AppStore|iPhoneSimulator.Deploy.0 = Debug|Any CPU
		{8CD06F76-FAD0-44C4-8643-932EDCA4034C}.AppStore|x64.ActiveCfg = Debug|Any CPU
		{8CD06F76-FAD0-44C4-8643-932EDCA4034C}.AppStore|x64.Build.0 = Debug|Any CPU
		{8CD06F76-FAD0-44C4-8643-932EDCA4034C}.AppStore|x64.Deploy.0 = Debug|Any CPU
		{8CD06F76-FAD0-44C4-8643-932EDCA4034C}.AppStore|x86.ActiveCfg = Debug|Any CPU
		{8CD06F76-FAD0-44C4-8643-932EDCA4034C}.AppStore|x86.Build.0 = Debug|Any CPU
		{8CD06F76-FAD0-44C4-8643-932EDCA4034C}.AppStore|x86.Deploy.0 = Debug|Any CPU
		{8CD06F76-FAD0-44C4-8643-932EDCA4034C}.Debug|Any CPU.ActiveCfg = Debug|Any CPU
		{8CD06F76-FAD0-44C4-8643-932EDCA4034C}.Debug|Any CPU.Build.0 = Debug|Any CPU
		{8CD06F76-FAD0-44C4-8643-932EDCA4034C}.Debug|Any CPU.Deploy.0 = Debug|Any CPU
		{8CD06F76-FAD0-44C4-8643-932EDCA4034C}.Debug|ARM.ActiveCfg = Debug|Any CPU
		{8CD06F76-FAD0-44C4-8643-932EDCA4034C}.Debug|ARM.Build.0 = Debug|Any CPU
		{8CD06F76-FAD0-44C4-8643-932EDCA4034C}.Debug|ARM.Deploy.0 = Debug|Any CPU
		{8CD06F76-FAD0-44C4-8643-932EDCA4034C}.Debug|iPhone.ActiveCfg = Debug|Any CPU
		{8CD06F76-FAD0-44C4-8643-932EDCA4034C}.Debug|iPhone.Build.0 = Debug|Any CPU
		{8CD06F76-FAD0-44C4-8643-932EDCA4034C}.Debug|iPhone.Deploy.0 = Debug|Any CPU
		{8CD06F76-FAD0-44C4-8643-932EDCA4034C}.Debug|iPhoneSimulator.ActiveCfg = Debug|Any CPU
		{8CD06F76-FAD0-44C4-8643-932EDCA4034C}.Debug|iPhoneSimulator.Build.0 = Debug|Any CPU
		{8CD06F76-FAD0-44C4-8643-932EDCA4034C}.Debug|iPhoneSimulator.Deploy.0 = Debug|Any CPU
		{8CD06F76-FAD0-44C4-8643-932EDCA4034C}.Debug|x64.ActiveCfg = Debug|Any CPU
		{8CD06F76-FAD0-44C4-8643-932EDCA4034C}.Debug|x64.Build.0 = Debug|Any CPU
		{8CD06F76-FAD0-44C4-8643-932EDCA4034C}.Debug|x64.Deploy.0 = Debug|Any CPU
		{8CD06F76-FAD0-44C4-8643-932EDCA4034C}.Debug|x86.ActiveCfg = Debug|Any CPU
		{8CD06F76-FAD0-44C4-8643-932EDCA4034C}.Debug|x86.Build.0 = Debug|Any CPU
		{8CD06F76-FAD0-44C4-8643-932EDCA4034C}.Debug|x86.Deploy.0 = Debug|Any CPU
		{8CD06F76-FAD0-44C4-8643-932EDCA4034C}.Release|Any CPU.ActiveCfg = Release|Any CPU
		{8CD06F76-FAD0-44C4-8643-932EDCA4034C}.Release|Any CPU.Build.0 = Release|Any CPU
		{8CD06F76-FAD0-44C4-8643-932EDCA4034C}.Release|Any CPU.Deploy.0 = Release|Any CPU
		{8CD06F76-FAD0-44C4-8643-932EDCA4034C}.Release|ARM.ActiveCfg = Release|Any CPU
		{8CD06F76-FAD0-44C4-8643-932EDCA4034C}.Release|ARM.Build.0 = Release|Any CPU
		{8CD06F76-FAD0-44C4-8643-932EDCA4034C}.Release|ARM.Deploy.0 = Release|Any CPU
		{8CD06F76-FAD0-44C4-8643-932EDCA4034C}.Release|iPhone.ActiveCfg = Release|Any CPU
		{8CD06F76-FAD0-44C4-8643-932EDCA4034C}.Release|iPhone.Build.0 = Release|Any CPU
		{8CD06F76-FAD0-44C4-8643-932EDCA4034C}.Release|iPhone.Deploy.0 = Release|Any CPU
		{8CD06F76-FAD0-44C4-8643-932EDCA4034C}.Release|iPhoneSimulator.ActiveCfg = Release|Any CPU
		{8CD06F76-FAD0-44C4-8643-932EDCA4034C}.Release|iPhoneSimulator.Build.0 = Release|Any CPU
		{8CD06F76-FAD0-44C4-8643-932EDCA4034C}.Release|iPhoneSimulator.Deploy.0 = Release|Any CPU
		{8CD06F76-FAD0-44C4-8643-932EDCA4034C}.Release|x64.ActiveCfg = Release|Any CPU
		{8CD06F76-FAD0-44C4-8643-932EDCA4034C}.Release|x64.Build.0 = Release|Any CPU
		{8CD06F76-FAD0-44C4-8643-932EDCA4034C}.Release|x64.Deploy.0 = Release|Any CPU
		{8CD06F76-FAD0-44C4-8643-932EDCA4034C}.Release|x86.ActiveCfg = Release|Any CPU
		{8CD06F76-FAD0-44C4-8643-932EDCA4034C}.Release|x86.Build.0 = Release|Any CPU
		{8CD06F76-FAD0-44C4-8643-932EDCA4034C}.Release|x86.Deploy.0 = Release|Any CPU
		{E2D98D80-3328-4088-80A8-A891E4A698FD}.Ad-Hoc|Any CPU.ActiveCfg = Debug|Any CPU
		{E2D98D80-3328-4088-80A8-A891E4A698FD}.Ad-Hoc|Any CPU.Build.0 = Debug|Any CPU
		{E2D98D80-3328-4088-80A8-A891E4A698FD}.Ad-Hoc|ARM.ActiveCfg = Debug|Any CPU
		{E2D98D80-3328-4088-80A8-A891E4A698FD}.Ad-Hoc|ARM.Build.0 = Debug|Any CPU
		{E2D98D80-3328-4088-80A8-A891E4A698FD}.Ad-Hoc|iPhone.ActiveCfg = Debug|Any CPU
		{E2D98D80-3328-4088-80A8-A891E4A698FD}.Ad-Hoc|iPhone.Build.0 = Debug|Any CPU
		{E2D98D80-3328-4088-80A8-A891E4A698FD}.Ad-Hoc|iPhoneSimulator.ActiveCfg = Debug|Any CPU
		{E2D98D80-3328-4088-80A8-A891E4A698FD}.Ad-Hoc|iPhoneSimulator.Build.0 = Debug|Any CPU
		{E2D98D80-3328-4088-80A8-A891E4A698FD}.Ad-Hoc|x64.ActiveCfg = Debug|Any CPU
		{E2D98D80-3328-4088-80A8-A891E4A698FD}.Ad-Hoc|x64.Build.0 = Debug|Any CPU
		{E2D98D80-3328-4088-80A8-A891E4A698FD}.Ad-Hoc|x86.ActiveCfg = Debug|Any CPU
		{E2D98D80-3328-4088-80A8-A891E4A698FD}.Ad-Hoc|x86.Build.0 = Debug|Any CPU
		{E2D98D80-3328-4088-80A8-A891E4A698FD}.AppStore|Any CPU.ActiveCfg = Debug|Any CPU
		{E2D98D80-3328-4088-80A8-A891E4A698FD}.AppStore|Any CPU.Build.0 = Debug|Any CPU
		{E2D98D80-3328-4088-80A8-A891E4A698FD}.AppStore|ARM.ActiveCfg = Debug|Any CPU
		{E2D98D80-3328-4088-80A8-A891E4A698FD}.AppStore|ARM.Build.0 = Debug|Any CPU
		{E2D98D80-3328-4088-80A8-A891E4A698FD}.AppStore|iPhone.ActiveCfg = Debug|Any CPU
		{E2D98D80-3328-4088-80A8-A891E4A698FD}.AppStore|iPhone.Build.0 = Debug|Any CPU
		{E2D98D80-3328-4088-80A8-A891E4A698FD}.AppStore|iPhoneSimulator.ActiveCfg = Debug|Any CPU
		{E2D98D80-3328-4088-80A8-A891E4A698FD}.AppStore|iPhoneSimulator.Build.0 = Debug|Any CPU
		{E2D98D80-3328-4088-80A8-A891E4A698FD}.AppStore|x64.ActiveCfg = Debug|Any CPU
		{E2D98D80-3328-4088-80A8-A891E4A698FD}.AppStore|x64.Build.0 = Debug|Any CPU
		{E2D98D80-3328-4088-80A8-A891E4A698FD}.AppStore|x86.ActiveCfg = Debug|Any CPU
		{E2D98D80-3328-4088-80A8-A891E4A698FD}.AppStore|x86.Build.0 = Debug|Any CPU
		{E2D98D80-3328-4088-80A8-A891E4A698FD}.Debug|Any CPU.ActiveCfg = Debug|Any CPU
		{E2D98D80-3328-4088-80A8-A891E4A698FD}.Debug|Any CPU.Build.0 = Debug|Any CPU
		{E2D98D80-3328-4088-80A8-A891E4A698FD}.Debug|ARM.ActiveCfg = Debug|Any CPU
		{E2D98D80-3328-4088-80A8-A891E4A698FD}.Debug|ARM.Build.0 = Debug|Any CPU
		{E2D98D80-3328-4088-80A8-A891E4A698FD}.Debug|iPhone.ActiveCfg = Debug|Any CPU
		{E2D98D80-3328-4088-80A8-A891E4A698FD}.Debug|iPhone.Build.0 = Debug|Any CPU
		{E2D98D80-3328-4088-80A8-A891E4A698FD}.Debug|iPhoneSimulator.ActiveCfg = Debug|Any CPU
		{E2D98D80-3328-4088-80A8-A891E4A698FD}.Debug|iPhoneSimulator.Build.0 = Debug|Any CPU
		{E2D98D80-3328-4088-80A8-A891E4A698FD}.Debug|x64.ActiveCfg = Debug|Any CPU
		{E2D98D80-3328-4088-80A8-A891E4A698FD}.Debug|x64.Build.0 = Debug|Any CPU
		{E2D98D80-3328-4088-80A8-A891E4A698FD}.Debug|x86.ActiveCfg = Debug|Any CPU
		{E2D98D80-3328-4088-80A8-A891E4A698FD}.Debug|x86.Build.0 = Debug|Any CPU
		{E2D98D80-3328-4088-80A8-A891E4A698FD}.Release|Any CPU.ActiveCfg = Release|Any CPU
		{E2D98D80-3328-4088-80A8-A891E4A698FD}.Release|Any CPU.Build.0 = Release|Any CPU
		{E2D98D80-3328-4088-80A8-A891E4A698FD}.Release|ARM.ActiveCfg = Release|Any CPU
		{E2D98D80-3328-4088-80A8-A891E4A698FD}.Release|ARM.Build.0 = Release|Any CPU
		{E2D98D80-3328-4088-80A8-A891E4A698FD}.Release|iPhone.ActiveCfg = Release|Any CPU
		{E2D98D80-3328-4088-80A8-A891E4A698FD}.Release|iPhone.Build.0 = Release|Any CPU
		{E2D98D80-3328-4088-80A8-A891E4A698FD}.Release|iPhoneSimulator.ActiveCfg = Release|Any CPU
		{E2D98D80-3328-4088-80A8-A891E4A698FD}.Release|iPhoneSimulator.Build.0 = Release|Any CPU
		{E2D98D80-3328-4088-80A8-A891E4A698FD}.Release|x64.ActiveCfg = Release|Any CPU
		{E2D98D80-3328-4088-80A8-A891E4A698FD}.Release|x64.Build.0 = Release|Any CPU
		{E2D98D80-3328-4088-80A8-A891E4A698FD}.Release|x86.ActiveCfg = Release|Any CPU
		{E2D98D80-3328-4088-80A8-A891E4A698FD}.Release|x86.Build.0 = Release|Any CPU
	EndGlobalSection
	GlobalSection(SolutionProperties) = preSolution
		HideSolutionNode = FALSE
	EndGlobalSection
	GlobalSection(NestedProjects) = preSolution
		{AE832156-9CD4-45B5-A8F6-3CC54422C193} = {CDC3E432-54F7-4878-9B75-75D6336C5296}
		{8B8CB52B-43CC-4249-B611-783CE7E8FD59} = {CDC3E432-54F7-4878-9B75-75D6336C5296}
		{20A3E480-3AF9-47C5-8806-33FAB4AF0825} = {CDC3E432-54F7-4878-9B75-75D6336C5296}
		{8CD06F76-FAD0-44C4-8643-932EDCA4034C} = {CDC3E432-54F7-4878-9B75-75D6336C5296}
	EndGlobalSection
	GlobalSection(ExtensibilityGlobals) = postSolution
		SolutionGuid = {408CF4E0-54C9-4C8A-A4D0-08CE13552C06}
	EndGlobalSection
EndGlobal
